{
  "name": "FortuneWheel",
  "version": "3.6.1",
  "lockfileVersion": 2,
  "requires": true,
  "packages": {
    "": {
      "name": "FortuneWheel",
      "version": "3.6.1",
      "dependencies": {
        "gameanalytics": "^4.4.5"
      }
    },
    "node_modules/gameanalytics": {
      "version": "4.4.5",
      "resolved": "https://registry.npmjs.org/gameanalytics/-/gameanalytics-4.4.5.tgz",
      "integrity": "sha512-o+UbfOem0o4hym4OhSu8ZsvZjtVeZhS2e91egyWJGzg57Ew8jzumxrgBVk6LU9GBa8tzXPbZat/SZgLrM+7KJw=="
    }
  },
  "dependencies": {
    "gameanalytics": {
      "version": "4.4.5",
      "resolved": "https://registry.npmjs.org/gameanalytics/-/gameanalytics-4.4.5.tgz",
      "integrity": "sha512-o+UbfOem0o4hym4OhSu8ZsvZjtVeZhS2e91egyWJGzg57Ew8jzumxrgBVk6LU9GBa8tzXPbZat/SZgLrM+7KJw=="
    }
  }
}
